
Microsoft Visual Studio Solution File, Format Version 12.00
# Visual Studio Version 16
VisualStudioVersion = 16.0.30907.101
MinimumVisualStudioVersion = 10.0.40219.1
Project("{9A19103F-16F7-4668-BE54-9A1E7A4F7556}") = "ConsoleApp1", "ConsoleApp1\ConsoleApp1.csproj", "{D4A3D364-47AA-4729-8AA8-C64D4CB21CCE}"
EndProject
Project("{9A19103F-16F7-4668-BE54-9A1E7A4F7556}") = "Matematik", "Matematik\Matematik.csproj", "{76C3CE3C-D0BE-4DE2-9B0B-A0A7743737BE}"
EndProject
Project("{9A19103F-16F7-4668-BE54-9A1E7A4F7556}") = "DegerveReferansTipler", "DegerveReferansTipler\DegerveReferansTipler.csproj", "{EEE32AC5-3627-4255-BD24-22D199969361}"
EndProject
Project("{9A19103F-16F7-4668-BE54-9A1E7A4F7556}") = "OOP1", "OOP1\OOP1.csproj", "{483AE9EB-FC2C-4921-8F52-12D908BBEDFF}"
EndProject
Project("{FAE04EC0-301F-11D3-BF4B-00C04F79EFBC}") = "Collections", "Collections\Collections.csproj", "{710B22E1-2D67-4923-A1E9-AEC04DA7FD6D}"
EndProject
Project("{FAE04EC0-301F-11D3-BF4B-00C04F79EFBC}") = "GenericsIntro", "GenericsIntro\GenericsIntro.csproj", "{6EFC56FD-F730-4462-BB31-7994E40C9620}"
EndProject
Global
	GlobalSection(SolutionConfigurationPlatforms) = preSolution
		Debug|Any CPU = Debug|Any CPU
		Release|Any CPU = Release|Any CPU
	EndGlobalSection
	GlobalSection(ProjectConfigurationPlatforms) = postSolution
		{D4A3D364-47AA-4729-8AA8-C64D4CB21CCE}.Debug|Any CPU.ActiveCfg = Debug|Any CPU
		{D4A3D364-47AA-4729-8AA8-C64D4CB21CCE}.Debug|Any CPU.Build.0 = Debug|Any CPU
		{D4A3D364-47AA-4729-8AA8-C64D4CB21CCE}.Release|Any CPU.ActiveCfg = Release|Any CPU
		{D4A3D364-47AA-4729-8AA8-C64D4CB21CCE}.Release|Any CPU.Build.0 = Release|Any CPU
		{76C3CE3C-D0BE-4DE2-9B0B-A0A7743737BE}.Debug|Any CPU.ActiveCfg = Debug|Any CPU
		{76C3CE3C-D0BE-4DE2-9B0B-A0A7743737BE}.Debug|Any CPU.Build.0 = Debug|Any CPU
		{76C3CE3C-D0BE-4DE2-9B0B-A0A7743737BE}.Release|Any CPU.ActiveCfg = Release|Any CPU
		{76C3CE3C-D0BE-4DE2-9B0B-A0A7743737BE}.Release|Any CPU.Build.0 = Release|Any CPU
		{EEE32AC5-3627-4255-BD24-22D199969361}.Debug|Any CPU.ActiveCfg = Debug|Any CPU
		{EEE32AC5-3627-4255-BD24-22D199969361}.Debug|Any CPU.Build.0 = Debug|Any CPU
		{EEE32AC5-3627-4255-BD24-22D199969361}.Release|Any CPU.ActiveCfg = Release|Any CPU
		{EEE32AC5-3627-4255-BD24-22D199969361}.Release|Any CPU.Build.0 = Release|Any CPU
		{483AE9EB-FC2C-4921-8F52-12D908BBEDFF}.Debug|Any CPU.ActiveCfg = Debug|Any CPU
		{483AE9EB-FC2C-4921-8F52-12D908BBEDFF}.Debug|Any CPU.Build.0 = Debug|Any CPU
		{483AE9EB-FC2C-4921-8F52-12D908BBEDFF}.Release|Any CPU.ActiveCfg = Release|Any CPU
		{483AE9EB-FC2C-4921-8F52-12D908BBEDFF}.Release|Any CPU.Build.0 = Release|Any CPU
		{710B22E1-2D67-4923-A1E9-AEC04DA7FD6D}.Debug|Any CPU.ActiveCfg = Debug|Any CPU
		{710B22E1-2D67-4923-A1E9-AEC04DA7FD6D}.Debug|Any CPU.Build.0 = Debug|Any CPU
		{710B22E1-2D67-4923-A1E9-AEC04DA7FD6D}.Release|Any CPU.ActiveCfg = Release|Any CPU
		{710B22E1-2D67-4923-A1E9-AEC04DA7FD6D}.Release|Any CPU.Build.0 = Release|Any CPU
		{6EFC56FD-F730-4462-BB31-7994E40C9620}.Debug|Any CPU.ActiveCfg = Debug|Any CPU
		{6EFC56FD-F730-4462-BB31-7994E40C9620}.Debug|Any CPU.Build.0 = Debug|Any CPU
		{6EFC56FD-F730-4462-BB31-7994E40C9620}.Release|Any CPU.ActiveCfg = Release|Any CPU
		{6EFC56FD-F730-4462-BB31-7994E40C9620}.Release|Any CPU.Build.0 = Release|Any CPU
	EndGlobalSection
	GlobalSection(SolutionProperties) = preSolution
		HideSolutionNode = FALSE
	EndGlobalSection
	GlobalSection(ExtensibilityGlobals) = postSolution
		SolutionGuid = {4ABBDB52-333A-4FB0-9571-471EAF342856}
	EndGlobalSection
EndGlobal
